
Microsoft Visual Studio Solution File, Format Version 12.00
# Visual Studio Version 17
VisualStudioVersion = 17.3.32929.385
MinimumVisualStudioVersion = 10.0.40219.1
Project("{FAE04EC0-301F-11D3-BF4B-00C04F79EFBC}") = "Key", "Key\Key.csproj", "{F647EAB6-6597-48A2-90BC-47109CBB41A3}"
EndProject
Global
	GlobalSection(SolutionConfigurationPlatforms) = preSolution
		Debug|Any CPU = Debug|Any CPU
		Release|Any CPU = Release|Any CPU
	EndGlobalSection
	GlobalSection(ProjectConfigurationPlatforms) = postSolution
		{F647EAB6-6597-48A2-90BC-47109CBB41A3}.Debug|Any CPU.ActiveCfg = Debug|Any CPU
		{F647EAB6-6597-48A2-90BC-47109CBB41A3}.Debug|Any CPU.Build.0 = Debug|Any CPU
		{F647EAB6-6597-48A2-90BC-47109CBB41A3}.Release|Any CPU.ActiveCfg = Release|Any CPU
		{F647EAB6-6597-48A2-90BC-47109CBB41A3}.Release|Any CPU.Build.0 = Release|Any CPU
	EndGlobalSection
	GlobalSection(SolutionProperties) = preSolution
		HideSolutionNode = FALSE
	EndGlobalSection
	GlobalSection(ExtensibilityGlobals) = postSolution
		SolutionGuid = {8B9AE667-B0D8-4B56-BFD5-EFF330B14499}
	EndGlobalSection
EndGlobal
